// !$*UTF8*$!
{
	archiveVersion = 1;
	classes = {
	};
	objectVersion = 56;
	objects = {

/* Begin PBXBuildFile section */
		4E273A052A93F70000B9B511 /* HexagonParameters.swift in Sources */ = {isa = PBXBuildFile; fileRef = 4E273A042A93F6FF00B9B511 /* HexagonParameters.swift */; };
		4E273A072A93F87400B9B511 /* BadgeBackground.swift in Sources */ = {isa = PBXBuildFile; fileRef = 4E273A062A93F87400B9B511 /* BadgeBackground.swift */; };
		4E273A092A94039D00B9B511 /* BadgeSymbol.swift in Sources */ = {isa = PBXBuildFile; fileRef = 4E273A082A94039D00B9B511 /* BadgeSymbol.swift */; };
		4E273A0B2A95312000B9B511 /* RotatedBadgeSymbol.swift in Sources */ = {isa = PBXBuildFile; fileRef = 4E273A0A2A95312000B9B511 /* RotatedBadgeSymbol.swift */; };
		4E273A0D2A95318600B9B511 /* Badge.swift in Sources */ = {isa = PBXBuildFile; fileRef = 4E273A0C2A95318600B9B511 /* Badge.swift */; };
		4E273A112A95386700B9B511 /* hikeData.json in Resources */ = {isa = PBXBuildFile; fileRef = 4E273A102A95386700B9B511 /* hikeData.json */; };
		4E273A132A95388C00B9B511 /* Hike.swift in Sources */ = {isa = PBXBuildFile; fileRef = 4E273A122A95388C00B9B511 /* Hike.swift */; };
		4E273A192A953CE400B9B511 /* GraphCapsule.swift in Sources */ = {isa = PBXBuildFile; fileRef = 4E273A152A953CE400B9B511 /* GraphCapsule.swift */; };
		4E273A1A2A953CE400B9B511 /* HikeGraph.swift in Sources */ = {isa = PBXBuildFile; fileRef = 4E273A162A953CE400B9B511 /* HikeGraph.swift */; };
		4E273A1B2A953CE400B9B511 /* HikeDetail.swift in Sources */ = {isa = PBXBuildFile; fileRef = 4E273A172A953CE400B9B511 /* HikeDetail.swift */; };
		4E273A1C2A953CE400B9B511 /* HikeView.swift in Sources */ = {isa = PBXBuildFile; fileRef = 4E273A182A953CE400B9B511 /* HikeView.swift */; };
		4E6FB7082A8F1CDA00914263 /* LandmarksApp.swift in Sources */ = {isa = PBXBuildFile; fileRef = 4E6FB7072A8F1CDA00914263 /* LandmarksApp.swift */; };
		4E6FB70A2A8F1CDA00914263 /* ContentView.swift in Sources */ = {isa = PBXBuildFile; fileRef = 4E6FB7092A8F1CDA00914263 /* ContentView.swift */; };
		4E6FB70C2A8F1CDD00914263 /* Assets.xcassets in Resources */ = {isa = PBXBuildFile; fileRef = 4E6FB70B2A8F1CDD00914263 /* Assets.xcassets */; };
		4E6FB70F2A8F1CDD00914263 /* Preview Assets.xcassets in Resources */ = {isa = PBXBuildFile; fileRef = 4E6FB70E2A8F1CDD00914263 /* Preview Assets.xcassets */; };
		4E6FB7192A8F1CDD00914263 /* LandmarksTests.swift in Sources */ = {isa = PBXBuildFile; fileRef = 4E6FB7182A8F1CDD00914263 /* LandmarksTests.swift */; };
		4E6FB7232A8F1CDD00914263 /* LandmarksUITests.swift in Sources */ = {isa = PBXBuildFile; fileRef = 4E6FB7222A8F1CDD00914263 /* LandmarksUITests.swift */; };
		4E6FB7252A8F1CDD00914263 /* LandmarksUITestsLaunchTests.swift in Sources */ = {isa = PBXBuildFile; fileRef = 4E6FB7242A8F1CDD00914263 /* LandmarksUITestsLaunchTests.swift */; };
		4E6FB7322A8F1D3E00914263 /* README.md in Resources */ = {isa = PBXBuildFile; fileRef = 4E6FB7312A8F1D3E00914263 /* README.md */; };
		4E6FB7342A8F9FF700914263 /* CircleImage.swift in Sources */ = {isa = PBXBuildFile; fileRef = 4E6FB7332A8F9FF700914263 /* CircleImage.swift */; };
		4E6FB7362A8FA0E900914263 /* MapView.swift in Sources */ = {isa = PBXBuildFile; fileRef = 4E6FB7352A8FA0E900914263 /* MapView.swift */; };
		4E6FB7382A8FA88C00914263 /* landmarkData.json in Resources */ = {isa = PBXBuildFile; fileRef = 4E6FB7372A8FA88B00914263 /* landmarkData.json */; };
		4E6FB73A2A8FA8B000914263 /* Landmark.swift in Sources */ = {isa = PBXBuildFile; fileRef = 4E6FB7392A8FA8B000914263 /* Landmark.swift */; };
		4E6FB73C2A8FAA1500914263 /* Data.swift in Sources */ = {isa = PBXBuildFile; fileRef = 4E6FB73B2A8FAA1500914263 /* Data.swift */; };
		4E6FB73E2A8FAAC800914263 /* ModelData.swift in Sources */ = {isa = PBXBuildFile; fileRef = 4E6FB73D2A8FAAC800914263 /* ModelData.swift */; };
		4E6FB7422A8FAD6100914263 /* LandmarkRow.swift in Sources */ = {isa = PBXBuildFile; fileRef = 4E6FB7412A8FAD6100914263 /* LandmarkRow.swift */; };
		4E6FB7442A8FB15400914263 /* LandmarkList.swift in Sources */ = {isa = PBXBuildFile; fileRef = 4E6FB7432A8FB15400914263 /* LandmarkList.swift */; };
		4E6FB7462A8FB2F000914263 /* LandmarkDetail.swift in Sources */ = {isa = PBXBuildFile; fileRef = 4E6FB7452A8FB2F000914263 /* LandmarkDetail.swift */; };
		4EF908382A9294C000054C89 /* FavoriteButton.swift in Sources */ = {isa = PBXBuildFile; fileRef = 4EF908372A9294C000054C89 /* FavoriteButton.swift */; };
/* End PBXBuildFile section */

/* Begin PBXContainerItemProxy section */
		4E6FB7152A8F1CDD00914263 /* PBXContainerItemProxy */ = {
			isa = PBXContainerItemProxy;
			containerPortal = 4E6FB6FC2A8F1CDA00914263 /* Project object */;
			proxyType = 1;
			remoteGlobalIDString = 4E6FB7032A8F1CDA00914263;
			remoteInfo = Landmarks;
		};
		4E6FB71F2A8F1CDD00914263 /* PBXContainerItemProxy */ = {
			isa = PBXContainerItemProxy;
			containerPortal = 4E6FB6FC2A8F1CDA00914263 /* Project object */;
			proxyType = 1;
			remoteGlobalIDString = 4E6FB7032A8F1CDA00914263;
			remoteInfo = Landmarks;
		};
/* End PBXContainerItemProxy section */

/* Begin PBXFileReference section */
		4E273A042A93F6FF00B9B511 /* HexagonParameters.swift */ = {isa = PBXFileReference; lastKnownFileType = sourcecode.swift; path = HexagonParameters.swift; sourceTree = "<group>"; };
		4E273A062A93F87400B9B511 /* BadgeBackground.swift */ = {isa = PBXFileReference; lastKnownFileType = sourcecode.swift; path = BadgeBackground.swift; sourceTree = "<group>"; };
		4E273A082A94039D00B9B511 /* BadgeSymbol.swift */ = {isa = PBXFileReference; lastKnownFileType = sourcecode.swift; path = BadgeSymbol.swift; sourceTree = "<group>"; };
		4E273A0A2A95312000B9B511 /* RotatedBadgeSymbol.swift */ = {isa = PBXFileReference; lastKnownFileType = sourcecode.swift; path = RotatedBadgeSymbol.swift; sourceTree = "<group>"; };
		4E273A0C2A95318600B9B511 /* Badge.swift */ = {isa = PBXFileReference; lastKnownFileType = sourcecode.swift; path = Badge.swift; sourceTree = "<group>"; };
		4E273A102A95386700B9B511 /* hikeData.json */ = {isa = PBXFileReference; fileEncoding = 4; lastKnownFileType = text.json; path = hikeData.json; sourceTree = "<group>"; };
		4E273A122A95388C00B9B511 /* Hike.swift */ = {isa = PBXFileReference; lastKnownFileType = sourcecode.swift; path = Hike.swift; sourceTree = "<group>"; };
		4E273A152A953CE400B9B511 /* GraphCapsule.swift */ = {isa = PBXFileReference; fileEncoding = 4; lastKnownFileType = sourcecode.swift; path = GraphCapsule.swift; sourceTree = "<group>"; };
		4E273A162A953CE400B9B511 /* HikeGraph.swift */ = {isa = PBXFileReference; fileEncoding = 4; lastKnownFileType = sourcecode.swift; path = HikeGraph.swift; sourceTree = "<group>"; };
		4E273A172A953CE400B9B511 /* HikeDetail.swift */ = {isa = PBXFileReference; fileEncoding = 4; lastKnownFileType = sourcecode.swift; path = HikeDetail.swift; sourceTree = "<group>"; };
		4E273A182A953CE400B9B511 /* HikeView.swift */ = {isa = PBXFileReference; fileEncoding = 4; lastKnownFileType = sourcecode.swift; path = HikeView.swift; sourceTree = "<group>"; };
		4E6FB7042A8F1CDA00914263 /* Landmarks.app */ = {isa = PBXFileReference; explicitFileType = wrapper.application; includeInIndex = 0; path = Landmarks.app; sourceTree = BUILT_PRODUCTS_DIR; };
		4E6FB7072A8F1CDA00914263 /* LandmarksApp.swift */ = {isa = PBXFileReference; lastKnownFileType = sourcecode.swift; path = LandmarksApp.swift; sourceTree = "<group>"; };
		4E6FB7092A8F1CDA00914263 /* ContentView.swift */ = {isa = PBXFileReference; lastKnownFileType = sourcecode.swift; path = ContentView.swift; sourceTree = "<group>"; };
		4E6FB70B2A8F1CDD00914263 /* Assets.xcassets */ = {isa = PBXFileReference; lastKnownFileType = folder.assetcatalog; path = Assets.xcassets; sourceTree = "<group>"; };
		4E6FB70E2A8F1CDD00914263 /* Preview Assets.xcassets */ = {isa = PBXFileReference; lastKnownFileType = folder.assetcatalog; path = "Preview Assets.xcassets"; sourceTree = "<group>"; };
		4E6FB7142A8F1CDD00914263 /* LandmarksTests.xctest */ = {isa = PBXFileReference; explicitFileType = wrapper.cfbundle; includeInIndex = 0; path = LandmarksTests.xctest; sourceTree = BUILT_PRODUCTS_DIR; };
		4E6FB7182A8F1CDD00914263 /* LandmarksTests.swift */ = {isa = PBXFileReference; lastKnownFileType = sourcecode.swift; path = LandmarksTests.swift; sourceTree = "<group>"; };
		4E6FB71E2A8F1CDD00914263 /* LandmarksUITests.xctest */ = {isa = PBXFileReference; explicitFileType = wrapper.cfbundle; includeInIndex = 0; path = LandmarksUITests.xctest; sourceTree = BUILT_PRODUCTS_DIR; };
		4E6FB7222A8F1CDD00914263 /* LandmarksUITests.swift */ = {isa = PBXFileReference; lastKnownFileType = sourcecode.swift; path = LandmarksUITests.swift; sourceTree = "<group>"; };
		4E6FB7242A8F1CDD00914263 /* LandmarksUITestsLaunchTests.swift */ = {isa = PBXFileReference; lastKnownFileType = sourcecode.swift; path = LandmarksUITestsLaunchTests.swift; sourceTree = "<group>"; };
		4E6FB7312A8F1D3E00914263 /* README.md */ = {isa = PBXFileReference; fileEncoding = 4; lastKnownFileType = net.daringfireball.markdown; path = README.md; sourceTree = "<group>"; };
		4E6FB7332A8F9FF700914263 /* CircleImage.swift */ = {isa = PBXFileReference; lastKnownFileType = sourcecode.swift; path = CircleImage.swift; sourceTree = "<group>"; };
		4E6FB7352A8FA0E900914263 /* MapView.swift */ = {isa = PBXFileReference; lastKnownFileType = sourcecode.swift; path = MapView.swift; sourceTree = "<group>"; };
		4E6FB7372A8FA88B00914263 /* landmarkData.json */ = {isa = PBXFileReference; fileEncoding = 4; lastKnownFileType = text.json; path = landmarkData.json; sourceTree = "<group>"; };
		4E6FB7392A8FA8B000914263 /* Landmark.swift */ = {isa = PBXFileReference; lastKnownFileType = sourcecode.swift; path = Landmark.swift; sourceTree = "<group>"; };
		4E6FB73B2A8FAA1500914263 /* Data.swift */ = {isa = PBXFileReference; lastKnownFileType = sourcecode.swift; path = Data.swift; sourceTree = "<group>"; };
		4E6FB73D2A8FAAC800914263 /* ModelData.swift */ = {isa = PBXFileReference; lastKnownFileType = sourcecode.swift; path = ModelData.swift; sourceTree = "<group>"; };
		4E6FB7412A8FAD6100914263 /* LandmarkRow.swift */ = {isa = PBXFileReference; lastKnownFileType = sourcecode.swift; path = LandmarkRow.swift; sourceTree = "<group>"; };
		4E6FB7432A8FB15400914263 /* LandmarkList.swift */ = {isa = PBXFileReference; lastKnownFileType = sourcecode.swift; path = LandmarkList.swift; sourceTree = "<group>"; };
		4E6FB7452A8FB2F000914263 /* LandmarkDetail.swift */ = {isa = PBXFileReference; lastKnownFileType = sourcecode.swift; path = LandmarkDetail.swift; sourceTree = "<group>"; };
		4E6FB7472A8FB80400914263 /* Info.plist */ = {isa = PBXFileReference; lastKnownFileType = text.plist; path = Info.plist; sourceTree = "<group>"; };
		4EF908372A9294C000054C89 /* FavoriteButton.swift */ = {isa = PBXFileReference; lastKnownFileType = sourcecode.swift; path = FavoriteButton.swift; sourceTree = "<group>"; };
/* End PBXFileReference section */

/* Begin PBXFrameworksBuildPhase section */
		4E6FB7012A8F1CDA00914263 /* Frameworks */ = {
			isa = PBXFrameworksBuildPhase;
			buildActionMask = 2147483647;
			files = (
			);
			runOnlyForDeploymentPostprocessing = 0;
		};
		4E6FB7112A8F1CDD00914263 /* Frameworks */ = {
			isa = PBXFrameworksBuildPhase;
			buildActionMask = 2147483647;
			files = (
			);
			runOnlyForDeploymentPostprocessing = 0;
		};
		4E6FB71B2A8F1CDD00914263 /* Frameworks */ = {
			isa = PBXFrameworksBuildPhase;
			buildActionMask = 2147483647;
			files = (
			);
			runOnlyForDeploymentPostprocessing = 0;
		};
/* End PBXFrameworksBuildPhase section */

/* Begin PBXGroup section */
		4E273A0E2A9536B500B9B511 /* Badges */ = {
			isa = PBXGroup;
			children = (
				4E273A0A2A95312000B9B511 /* RotatedBadgeSymbol.swift */,
				4E273A082A94039D00B9B511 /* BadgeSymbol.swift */,
				4E273A062A93F87400B9B511 /* BadgeBackground.swift */,
				4E273A042A93F6FF00B9B511 /* HexagonParameters.swift */,
				4E273A0C2A95318600B9B511 /* Badge.swift */,
			);
			path = Badges;
			sourceTree = "<group>";
		};
		4E273A0F2A95384400B9B511 /* ResourceFiles */ = {
			isa = PBXGroup;
			children = (
				4E6FB7372A8FA88B00914263 /* landmarkData.json */,
				4E273A102A95386700B9B511 /* hikeData.json */,
			);
			path = ResourceFiles;
			sourceTree = "<group>";
		};
		4E273A142A953CE400B9B511 /* Hikes */ = {
			isa = PBXGroup;
			children = (
				4E273A152A953CE400B9B511 /* GraphCapsule.swift */,
				4E273A162A953CE400B9B511 /* HikeGraph.swift */,
				4E273A172A953CE400B9B511 /* HikeDetail.swift */,
				4E273A182A953CE400B9B511 /* HikeView.swift */,
			);
			path = Hikes;
			sourceTree = "<group>";
		};
		4E6FB6FB2A8F1CDA00914263 = {
			isa = PBXGroup;
			children = (
				4E6FB73B2A8FAA1500914263 /* Data.swift */,
				4E6FB7312A8F1D3E00914263 /* README.md */,
				4E6FB7062A8F1CDA00914263 /* Landmarks */,
				4E6FB7172A8F1CDD00914263 /* LandmarksTests */,
				4E6FB7212A8F1CDD00914263 /* LandmarksUITests */,
				4E6FB7052A8F1CDA00914263 /* Products */,
			);
			sourceTree = "<group>";
		};
		4E6FB7052A8F1CDA00914263 /* Products */ = {
			isa = PBXGroup;
			children = (
				4E6FB7042A8F1CDA00914263 /* Landmarks.app */,
				4E6FB7142A8F1CDD00914263 /* LandmarksTests.xctest */,
				4E6FB71E2A8F1CDD00914263 /* LandmarksUITests.xctest */,
			);
			name = Products;
			sourceTree = "<group>";
		};
		4E6FB7062A8F1CDA00914263 /* Landmarks */ = {
			isa = PBXGroup;
			children = (
				4E273A0F2A95384400B9B511 /* ResourceFiles */,
				4E6FB7472A8FB80400914263 /* Info.plist */,
				4E6FB7072A8F1CDA00914263 /* LandmarksApp.swift */,
				4E6FB73F2A8FAD0200914263 /* Views */,
				4E6FB70B2A8F1CDD00914263 /* Assets.xcassets */,
				4E6FB70D2A8F1CDD00914263 /* Preview Content */,
				4E6FB7402A8FAD2E00914263 /* Model */,
			);
			path = Landmarks;
			sourceTree = "<group>";
		};
		4E6FB70D2A8F1CDD00914263 /* Preview Content */ = {
			isa = PBXGroup;
			children = (
				4E6FB70E2A8F1CDD00914263 /* Preview Assets.xcassets */,
			);
			path = "Preview Content";
			sourceTree = "<group>";
		};
		4E6FB7172A8F1CDD00914263 /* LandmarksTests */ = {
			isa = PBXGroup;
			children = (
				4E6FB7182A8F1CDD00914263 /* LandmarksTests.swift */,
			);
			path = LandmarksTests;
			sourceTree = "<group>";
		};
		4E6FB7212A8F1CDD00914263 /* LandmarksUITests */ = {
			isa = PBXGroup;
			children = (
				4E6FB7222A8F1CDD00914263 /* LandmarksUITests.swift */,
				4E6FB7242A8F1CDD00914263 /* LandmarksUITestsLaunchTests.swift */,
			);
			path = LandmarksUITests;
			sourceTree = "<group>";
		};
		4E6FB73F2A8FAD0200914263 /* Views */ = {
			isa = PBXGroup;
			children = (
				4E273A142A953CE400B9B511 /* Hikes */,
				4E273A0E2A9536B500B9B511 /* Badges */,
				4E6FB7092A8F1CDA00914263 /* ContentView.swift */,
				4EF9083A2A9298AE00054C89 /* Helpers */,
				4EF908392A92987800054C89 /* Landmarks */,
			);
			path = Views;
			sourceTree = "<group>";
		};
		4E6FB7402A8FAD2E00914263 /* Model */ = {
			isa = PBXGroup;
			children = (
				4E273A122A95388C00B9B511 /* Hike.swift */,
				4E6FB7392A8FA8B000914263 /* Landmark.swift */,
				4E6FB73D2A8FAAC800914263 /* ModelData.swift */,
			);
			path = Model;
			sourceTree = "<group>";
		};
		4EF908392A92987800054C89 /* Landmarks */ = {
			isa = PBXGroup;
			children = (
				4E6FB7452A8FB2F000914263 /* LandmarkDetail.swift */,
				4E6FB7432A8FB15400914263 /* LandmarkList.swift */,
				4E6FB7412A8FAD6100914263 /* LandmarkRow.swift */,
			);
			path = Landmarks;
			sourceTree = "<group>";
		};
		4EF9083A2A9298AE00054C89 /* Helpers */ = {
			isa = PBXGroup;
			children = (
				4EF908372A9294C000054C89 /* FavoriteButton.swift */,
				4E6FB7332A8F9FF700914263 /* CircleImage.swift */,
				4E6FB7352A8FA0E900914263 /* MapView.swift */,
			);
			path = Helpers;
			sourceTree = "<group>";
		};
/* End PBXGroup section */

/* Begin PBXNativeTarget section */
		4E6FB7032A8F1CDA00914263 /* Landmarks */ = {
			isa = PBXNativeTarget;
			buildConfigurationList = 4E6FB7282A8F1CDD00914263 /* Build configuration list for PBXNativeTarget "Landmarks" */;
			buildPhases = (
				4E6FB7002A8F1CDA00914263 /* Sources */,
				4E6FB7012A8F1CDA00914263 /* Frameworks */,
				4E6FB7022A8F1CDA00914263 /* Resources */,
			);
			buildRules = (
			);
			dependencies = (
			);
			name = Landmarks;
			productName = Landmarks;
			productReference = 4E6FB7042A8F1CDA00914263 /* Landmarks.app */;
			productType = "com.apple.product-type.application";
		};
		4E6FB7132A8F1CDD00914263 /* LandmarksTests */ = {
			isa = PBXNativeTarget;
			buildConfigurationList = 4E6FB72B2A8F1CDD00914263 /* Build configuration list for PBXNativeTarget "LandmarksTests" */;
			buildPhases = (
				4E6FB7102A8F1CDD00914263 /* Sources */,
				4E6FB7112A8F1CDD00914263 /* Frameworks */,
				4E6FB7122A8F1CDD00914263 /* Resources */,
			);
			buildRules = (
			);
			dependencies = (
				4E6FB7162A8F1CDD00914263 /* PBXTargetDependency */,
			);
			name = LandmarksTests;
			productName = LandmarksTests;
			productReference = 4E6FB7142A8F1CDD00914263 /* LandmarksTests.xctest */;
			productType = "com.apple.product-type.bundle.unit-test";
		};
		4E6FB71D2A8F1CDD00914263 /* LandmarksUITests */ = {
			isa = PBXNativeTarget;
			buildConfigurationList = 4E6FB72E2A8F1CDD00914263 /* Build configuration list for PBXNativeTarget "LandmarksUITests" */;
			buildPhases = (
				4E6FB71A2A8F1CDD00914263 /* Sources */,
				4E6FB71B2A8F1CDD00914263 /* Frameworks */,
				4E6FB71C2A8F1CDD00914263 /* Resources */,
			);
			buildRules = (
			);
			dependencies = (
				4E6FB7202A8F1CDD00914263 /* PBXTargetDependency */,
			);
			name = LandmarksUITests;
			productName = LandmarksUITests;
			productReference = 4E6FB71E2A8F1CDD00914263 /* LandmarksUITests.xctest */;
			productType = "com.apple.product-type.bundle.ui-testing";
		};
/* End PBXNativeTarget section */

/* Begin PBXProject section */
		4E6FB6FC2A8F1CDA00914263 /* Project object */ = {
			isa = PBXProject;
			attributes = {
				BuildIndependentTargetsInParallel = 1;
				LastSwiftUpdateCheck = 1420;
				LastUpgradeCheck = 1420;
				TargetAttributes = {
					4E6FB7032A8F1CDA00914263 = {
						CreatedOnToolsVersion = 14.2;
					};
					4E6FB7132A8F1CDD00914263 = {
						CreatedOnToolsVersion = 14.2;
						TestTargetID = 4E6FB7032A8F1CDA00914263;
					};
					4E6FB71D2A8F1CDD00914263 = {
						CreatedOnToolsVersion = 14.2;
						TestTargetID = 4E6FB7032A8F1CDA00914263;
					};
				};
			};
			buildConfigurationList = 4E6FB6FF2A8F1CDA00914263 /* Build configuration list for PBXProject "Landmarks" */;
			compatibilityVersion = "Xcode 14.0";
			developmentRegion = en;
			hasScannedForEncodings = 0;
			knownRegions = (
				en,
				Base,
			);
			mainGroup = 4E6FB6FB2A8F1CDA00914263;
			productRefGroup = 4E6FB7052A8F1CDA00914263 /* Products */;
			projectDirPath = "";
			projectRoot = "";
			targets = (
				4E6FB7032A8F1CDA00914263 /* Landmarks */,
				4E6FB7132A8F1CDD00914263 /* LandmarksTests */,
				4E6FB71D2A8F1CDD00914263 /* LandmarksUITests */,
			);
		};
/* End PBXProject section */

/* Begin PBXResourcesBuildPhase section */
		4E6FB7022A8F1CDA00914263 /* Resources */ = {
			isa = PBXResourcesBuildPhase;
			buildActionMask = 2147483647;
			files = (
				4E6FB7322A8F1D3E00914263 /* README.md in Resources */,
				4E6FB7382A8FA88C00914263 /* landmarkData.json in Resources */,
				4E6FB70F2A8F1CDD00914263 /* Preview Assets.xcassets in Resources */,
				4E6FB70C2A8F1CDD00914263 /* Assets.xcassets in Resources */,
				4E273A112A95386700B9B511 /* hikeData.json in Resources */,
			);
			runOnlyForDeploymentPostprocessing = 0;
		};
		4E6FB7122A8F1CDD00914263 /* Resources */ = {
			isa = PBXResourcesBuildPhase;
			buildActionMask = 2147483647;
			files = (
			);
			runOnlyForDeploymentPostprocessing = 0;
		};
		4E6FB71C2A8F1CDD00914263 /* Resources */ = {
			isa = PBXResourcesBuildPhase;
			buildActionMask = 2147483647;
			files = (
			);
			runOnlyForDeploymentPostprocessing = 0;
		};
/* End PBXResourcesBuildPhase section */

/* Begin PBXSourcesBuildPhase section */
		4E6FB7002A8F1CDA00914263 /* Sources */ = {
			isa = PBXSourcesBuildPhase;
			buildActionMask = 2147483647;
			files = (
				4E273A132A95388C00B9B511 /* Hike.swift in Sources */,
				4E273A052A93F70000B9B511 /* HexagonParameters.swift in Sources */,
				4E6FB70A2A8F1CDA00914263 /* ContentView.swift in Sources */,
				4E6FB73C2A8FAA1500914263 /* Data.swift in Sources */,
				4E273A1A2A953CE400B9B511 /* HikeGraph.swift in Sources */,
				4E6FB7362A8FA0E900914263 /* MapView.swift in Sources */,
				4E6FB7082A8F1CDA00914263 /* LandmarksApp.swift in Sources */,
				4E6FB7442A8FB15400914263 /* LandmarkList.swift in Sources */,
				4E6FB7342A8F9FF700914263 /* CircleImage.swift in Sources */,
				4E273A092A94039D00B9B511 /* BadgeSymbol.swift in Sources */,
				4E273A0B2A95312000B9B511 /* RotatedBadgeSymbol.swift in Sources */,
				4E273A0D2A95318600B9B511 /* Badge.swift in Sources */,
				4E6FB73A2A8FA8B000914263 /* Landmark.swift in Sources */,
				4E273A072A93F87400B9B511 /* BadgeBackground.swift in Sources */,
				4E6FB7422A8FAD6100914263 /* LandmarkRow.swift in Sources */,
				4E273A192A953CE400B9B511 /* GraphCapsule.swift in Sources */,
				4E273A1C2A953CE400B9B511 /* HikeView.swift in Sources */,
				4E6FB7462A8FB2F000914263 /* LandmarkDetail.swift in Sources */,
				4EF908382A9294C000054C89 /* FavoriteButton.swift in Sources */,
				4E6FB73E2A8FAAC800914263 /* ModelData.swift in Sources */,
				4E273A1B2A953CE400B9B511 /* HikeDetail.swift in Sources */,
			);
			runOnlyForDeploymentPostprocessing = 0;
		};
		4E6FB7102A8F1CDD00914263 /* Sources */ = {
			isa = PBXSourcesBuildPhase;
			buildActionMask = 2147483647;
			files = (
				4E6FB7192A8F1CDD00914263 /* LandmarksTests.swift in Sources */,
			);
			runOnlyForDeploymentPostprocessing = 0;
		};
		4E6FB71A2A8F1CDD00914263 /* Sources */ = {
			isa = PBXSourcesBuildPhase;
			buildActionMask = 2147483647;
			files = (
				4E6FB7252A8F1CDD00914263 /* LandmarksUITestsLaunchTests.swift in Sources */,
				4E6FB7232A8F1CDD00914263 /* LandmarksUITests.swift in Sources */,
			);
			runOnlyForDeploymentPostprocessing = 0;
		};
/* End PBXSourcesBuildPhase section */

/* Begin PBXTargetDependency section */
		4E6FB7162A8F1CDD00914263 /* PBXTargetDependency */ = {
			isa = PBXTargetDependency;
			target = 4E6FB7032A8F1CDA00914263 /* Landmarks */;
			targetProxy = 4E6FB7152A8F1CDD00914263 /* PBXContainerItemProxy */;
		};
		4E6FB7202A8F1CDD00914263 /* PBXTargetDependency */ = {
			isa = PBXTargetDependency;
			target = 4E6FB7032A8F1CDA00914263 /* Landmarks */;
			targetProxy = 4E6FB71F2A8F1CDD00914263 /* PBXContainerItemProxy */;
		};
/* End PBXTargetDependency section */

/* Begin XCBuildConfiguration section */
		4E6FB7262A8F1CDD00914263 /* Debug */ = {
			isa = XCBuildConfiguration;
			buildSettings = {
				ALWAYS_SEARCH_USER_PATHS = NO;
				CLANG_ANALYZER_NONNULL = YES;
				CLANG_ANALYZER_NUMBER_OBJECT_CONVERSION = YES_AGGRESSIVE;
				CLANG_CXX_LANGUAGE_STANDARD = "gnu++20";
				CLANG_ENABLE_MODULES = YES;
				CLANG_ENABLE_OBJC_ARC = YES;
				CLANG_ENABLE_OBJC_WEAK = YES;
				CLANG_WARN_BLOCK_CAPTURE_AUTORELEASING = YES;
				CLANG_WARN_BOOL_CONVERSION = YES;
				CLANG_WARN_COMMA = YES;
				CLANG_WARN_CONSTANT_CONVERSION = YES;
				CLANG_WARN_DEPRECATED_OBJC_IMPLEMENTATIONS = YES;
				CLANG_WARN_DIRECT_OBJC_ISA_USAGE = YES_ERROR;
				CLANG_WARN_DOCUMENTATION_COMMENTS = YES;
				CLANG_WARN_EMPTY_BODY = YES;
				CLANG_WARN_ENUM_CONVERSION = YES;
				CLANG_WARN_INFINITE_RECURSION = YES;
				CLANG_WARN_INT_CONVERSION = YES;
				CLANG_WARN_NON_LITERAL_NULL_CONVERSION = YES;
				CLANG_WARN_OBJC_IMPLICIT_RETAIN_SELF = YES;
				CLANG_WARN_OBJC_LITERAL_CONVERSION = YES;
				CLANG_WARN_OBJC_ROOT_CLASS = YES_ERROR;
				CLANG_WARN_QUOTED_INCLUDE_IN_FRAMEWORK_HEADER = YES;
				CLANG_WARN_RANGE_LOOP_ANALYSIS = YES;
				CLANG_WARN_STRICT_PROTOTYPES = YES;
				CLANG_WARN_SUSPICIOUS_MOVE = YES;
				CLANG_WARN_UNGUARDED_AVAILABILITY = YES_AGGRESSIVE;
				CLANG_WARN_UNREACHABLE_CODE = YES;
				CLANG_WARN__DUPLICATE_METHOD_MATCH = YES;
				COPY_PHASE_STRIP = NO;
				DEBUG_INFORMATION_FORMAT = dwarf;
				ENABLE_STRICT_OBJC_MSGSEND = YES;
				ENABLE_TESTABILITY = YES;
				GCC_C_LANGUAGE_STANDARD = gnu11;
				GCC_DYNAMIC_NO_PIC = NO;
				GCC_NO_COMMON_BLOCKS = YES;
				GCC_OPTIMIZATION_LEVEL = 0;
				GCC_PREPROCESSOR_DEFINITIONS = (
					"DEBUG=1",
					"$(inherited)",
				);
				GCC_WARN_64_TO_32_BIT_CONVERSION = YES;
				GCC_WARN_ABOUT_RETURN_TYPE = YES_ERROR;
				GCC_WARN_UNDECLARED_SELECTOR = YES;
				GCC_WARN_UNINITIALIZED_AUTOS = YES_AGGRESSIVE;
				GCC_WARN_UNUSED_FUNCTION = YES;
				GCC_WARN_UNUSED_VARIABLE = YES;
				IPHONEOS_DEPLOYMENT_TARGET = 16.2;
				MTL_ENABLE_DEBUG_INFO = INCLUDE_SOURCE;
				MTL_FAST_MATH = YES;
				ONLY_ACTIVE_ARCH = YES;
				SDKROOT = iphoneos;
				SWIFT_ACTIVE_COMPILATION_CONDITIONS = DEBUG;
				SWIFT_OPTIMIZATION_LEVEL = "-Onone";
			};
			name = Debug;
		};
		4E6FB7272A8F1CDD00914263 /* Release */ = {
			isa = XCBuildConfiguration;
			buildSettings = {
				ALWAYS_SEARCH_USER_PATHS = NO;
				CLANG_ANALYZER_NONNULL = YES;
				CLANG_ANALYZER_NUMBER_OBJECT_CONVERSION = YES_AGGRESSIVE;
				CLANG_CXX_LANGUAGE_STANDARD = "gnu++20";
				CLANG_ENABLE_MODULES = YES;
				CLANG_ENABLE_OBJC_ARC = YES;
				CLANG_ENABLE_OBJC_WEAK = YES;
				CLANG_WARN_BLOCK_CAPTURE_AUTORELEASING = YES;
				CLANG_WARN_BOOL_CONVERSION = YES;
				CLANG_WARN_COMMA = YES;
				CLANG_WARN_CONSTANT_CONVERSION = YES;
				CLANG_WARN_DEPRECATED_OBJC_IMPLEMENTATIONS = YES;
				CLANG_WARN_DIRECT_OBJC_ISA_USAGE = YES_ERROR;
				CLANG_WARN_DOCUMENTATION_COMMENTS = YES;
				CLANG_WARN_EMPTY_BODY = YES;
				CLANG_WARN_ENUM_CONVERSION = YES;
				CLANG_WARN_INFINITE_RECURSION = YES;
				CLANG_WARN_INT_CONVERSION = YES;
				CLANG_WARN_NON_LITERAL_NULL_CONVERSION = YES;
				CLANG_WARN_OBJC_IMPLICIT_RETAIN_SELF = YES;
				CLANG_WARN_OBJC_LITERAL_CONVERSION = YES;
				CLANG_WARN_OBJC_ROOT_CLASS = YES_ERROR;
				CLANG_WARN_QUOTED_INCLUDE_IN_FRAMEWORK_HEADER = YES;
				CLANG_WARN_RANGE_LOOP_ANALYSIS = YES;
				CLANG_WARN_STRICT_PROTOTYPES = YES;
				CLANG_WARN_SUSPICIOUS_MOVE = YES;
				CLANG_WARN_UNGUARDED_AVAILABILITY = YES_AGGRESSIVE;
				CLANG_WARN_UNREACHABLE_CODE = YES;
				CLANG_WARN__DUPLICATE_METHOD_MATCH = YES;
				COPY_PHASE_STRIP = NO;
				DEBUG_INFORMATION_FORMAT = "dwarf-with-dsym";
				ENABLE_NS_ASSERTIONS = NO;
				ENABLE_STRICT_OBJC_MSGSEND = YES;
				GCC_C_LANGUAGE_STANDARD = gnu11;
				GCC_NO_COMMON_BLOCKS = YES;
				GCC_WARN_64_TO_32_BIT_CONVERSION = YES;
				GCC_WARN_ABOUT_RETURN_TYPE = YES_ERROR;
				GCC_WARN_UNDECLARED_SELECTOR = YES;
				GCC_WARN_UNINITIALIZED_AUTOS = YES_AGGRESSIVE;
				GCC_WARN_UNUSED_FUNCTION = YES;
				GCC_WARN_UNUSED_VARIABLE = YES;
				IPHONEOS_DEPLOYMENT_TARGET = 16.2;
				MTL_ENABLE_DEBUG_INFO = NO;
				MTL_FAST_MATH = YES;
				SDKROOT = iphoneos;
				SWIFT_COMPILATION_MODE = wholemodule;
				SWIFT_OPTIMIZATION_LEVEL = "-O";
				VALIDATE_PRODUCT = YES;
			};
			name = Release;
		};
		4E6FB7292A8F1CDD00914263 /* Debug */ = {
			isa = XCBuildConfiguration;
			buildSettings = {
				ASSETCATALOG_COMPILER_APPICON_NAME = AppIcon;
				ASSETCATALOG_COMPILER_GLOBAL_ACCENT_COLOR_NAME = AccentColor;
				CODE_SIGN_STYLE = Automatic;
				CURRENT_PROJECT_VERSION = 1;
				DEVELOPMENT_ASSET_PATHS = "\"Landmarks/Preview Content\"";
				ENABLE_PREVIEWS = YES;
				GENERATE_INFOPLIST_FILE = YES;
				INFOPLIST_FILE = Landmarks/Info.plist;
				INFOPLIST_KEY_UIApplicationSupportsIndirectInputEvents = YES;
				INFOPLIST_KEY_UILaunchScreen_Generation = YES;
				INFOPLIST_KEY_UISupportedInterfaceOrientations_iPad = "UIInterfaceOrientationPortrait UIInterfaceOrientationPortraitUpsideDown UIInterfaceOrientationLandscapeLeft UIInterfaceOrientationLandscapeRight";
				INFOPLIST_KEY_UISupportedInterfaceOrientations_iPhone = "UIInterfaceOrientationPortrait UIInterfaceOrientationLandscapeLeft UIInterfaceOrientationLandscapeRight";
				LD_RUNPATH_SEARCH_PATHS = (
					"$(inherited)",
					"@executable_path/Frameworks",
				);
				MARKETING_VERSION = 1.0;
				PRODUCT_BUNDLE_IDENTIFIER = com.example.Landmarks;
				PRODUCT_NAME = "$(TARGET_NAME)";
				SWIFT_EMIT_LOC_STRINGS = YES;
				SWIFT_VERSION = 5.0;
				TARGETED_DEVICE_FAMILY = "1,2";
			};
			name = Debug;
		};
		4E6FB72A2A8F1CDD00914263 /* Release */ = {
			isa = XCBuildConfiguration;
			buildSettings = {
				ASSETCATALOG_COMPILER_APPICON_NAME = AppIcon;
				ASSETCATALOG_COMPILER_GLOBAL_ACCENT_COLOR_NAME = AccentColor;
				CODE_SIGN_STYLE = Automatic;
				CURRENT_PROJECT_VERSION = 1;
				DEVELOPMENT_ASSET_PATHS = "\"Landmarks/Preview Content\"";
				ENABLE_PREVIEWS = YES;
				GENERATE_INFOPLIST_FILE = YES;
				INFOPLIST_FILE = Landmarks/Info.plist;
				INFOPLIST_KEY_UIApplicationSupportsIndirectInputEvents = YES;
				INFOPLIST_KEY_UILaunchScreen_Generation = YES;
				INFOPLIST_KEY_UISupportedInterfaceOrientations_iPad = "UIInterfaceOrientationPortrait UIInterfaceOrientationPortraitUpsideDown UIInterfaceOrientationLandscapeLeft UIInterfaceOrientationLandscapeRight";
				INFOPLIST_KEY_UISupportedInterfaceOrientations_iPhone = "UIInterfaceOrientationPortrait UIInterfaceOrientationLandscapeLeft UIInterfaceOrientationLandscapeRight";
				LD_RUNPATH_SEARCH_PATHS = (
					"$(inherited)",
					"@executable_path/Frameworks",
				);
				MARKETING_VERSION = 1.0;
				PRODUCT_BUNDLE_IDENTIFIER = com.example.Landmarks;
				PRODUCT_NAME = "$(TARGET_NAME)";
				SWIFT_EMIT_LOC_STRINGS = YES;
				SWIFT_VERSION = 5.0;
				TARGETED_DEVICE_FAMILY = "1,2";
			};
			name = Release;
		};
		4E6FB72C2A8F1CDD00914263 /* Debug */ = {
			isa = XCBuildConfiguration;
			buildSettings = {
				ALWAYS_EMBED_SWIFT_STANDARD_LIBRARIES = YES;
				BUNDLE_LOADER = "$(TEST_HOST)";
				CODE_SIGN_STYLE = Automatic;
				CURRENT_PROJECT_VERSION = 1;
				GENERATE_INFOPLIST_FILE = YES;
				IPHONEOS_DEPLOYMENT_TARGET = 16.2;
				MARKETING_VERSION = 1.0;
				PRODUCT_BUNDLE_IDENTIFIER = com.example.LandmarksTests;
				PRODUCT_NAME = "$(TARGET_NAME)";
				SWIFT_EMIT_LOC_STRINGS = NO;
				SWIFT_VERSION = 5.0;
				TARGETED_DEVICE_FAMILY = "1,2";
				TEST_HOST = "$(BUILT_PRODUCTS_DIR)/Landmarks.app/$(BUNDLE_EXECUTABLE_FOLDER_PATH)/Landmarks";
			};
			name = Debug;
		};
		4E6FB72D2A8F1CDD00914263 /* Release */ = {
			isa = XCBuildConfiguration;
			buildSettings = {
				ALWAYS_EMBED_SWIFT_STANDARD_LIBRARIES = YES;
				BUNDLE_LOADER = "$(TEST_HOST)";
				CODE_SIGN_STYLE = Automatic;
				CURRENT_PROJECT_VERSION = 1;
				GENERATE_INFOPLIST_FILE = YES;
				IPHONEOS_DEPLOYMENT_TARGET = 16.2;
				MARKETING_VERSION = 1.0;
				PRODUCT_BUNDLE_IDENTIFIER = com.example.LandmarksTests;
				PRODUCT_NAME = "$(TARGET_NAME)";
				SWIFT_EMIT_LOC_STRINGS = NO;
				SWIFT_VERSION = 5.0;
				TARGETED_DEVICE_FAMILY = "1,2";
				TEST_HOST = "$(BUILT_PRODUCTS_DIR)/Landmarks.app/$(BUNDLE_EXECUTABLE_FOLDER_PATH)/Landmarks";
			};
			name = Release;
		};
		4E6FB72F2A8F1CDD00914263 /* Debug */ = {
			isa = XCBuildConfiguration;
			buildSettings = {
				ALWAYS_EMBED_SWIFT_STANDARD_LIBRARIES = YES;
				CODE_SIGN_STYLE = Automatic;
				CURRENT_PROJECT_VERSION = 1;
				GENERATE_INFOPLIST_FILE = YES;
				MARKETING_VERSION = 1.0;
				PRODUCT_BUNDLE_IDENTIFIER = com.example.LandmarksUITests;
				PRODUCT_NAME = "$(TARGET_NAME)";
				SWIFT_EMIT_LOC_STRINGS = NO;
				SWIFT_VERSION = 5.0;
				TARGETED_DEVICE_FAMILY = "1,2";
				TEST_TARGET_NAME = Landmarks;
			};
			name = Debug;
		};
		4E6FB7302A8F1CDD00914263 /* Release */ = {
			isa = XCBuildConfiguration;
			buildSettings = {
				ALWAYS_EMBED_SWIFT_STANDARD_LIBRARIES = YES;
				CODE_SIGN_STYLE = Automatic;
				CURRENT_PROJECT_VERSION = 1;
				GENERATE_INFOPLIST_FILE = YES;
				MARKETING_VERSION = 1.0;
				PRODUCT_BUNDLE_IDENTIFIER = com.example.LandmarksUITests;
				PRODUCT_NAME = "$(TARGET_NAME)";
				SWIFT_EMIT_LOC_STRINGS = NO;
				SWIFT_VERSION = 5.0;
				TARGETED_DEVICE_FAMILY = "1,2";
				TEST_TARGET_NAME = Landmarks;
			};
			name = Release;
		};
/* End XCBuildConfiguration section */

/* Begin XCConfigurationList section */
		4E6FB6FF2A8F1CDA00914263 /* Build configuration list for PBXProject "Landmarks" */ = {
			isa = XCConfigurationList;
			buildConfigurations = (
				4E6FB7262A8F1CDD00914263 /* Debug */,
				4E6FB7272A8F1CDD00914263 /* Release */,
			);
			defaultConfigurationIsVisible = 0;
			defaultConfigurationName = Release;
		};
		4E6FB7282A8F1CDD00914263 /* Build configuration list for PBXNativeTarget "Landmarks" */ = {
			isa = XCConfigurationList;
			buildConfigurations = (
				4E6FB7292A8F1CDD00914263 /* Debug */,
				4E6FB72A2A8F1CDD00914263 /* Release */,
			);
			defaultConfigurationIsVisible = 0;
			defaultConfigurationName = Release;
		};
		4E6FB72B2A8F1CDD00914263 /* Build configuration list for PBXNativeTarget "LandmarksTests" */ = {
			isa = XCConfigurationList;
			buildConfigurations = (
				4E6FB72C2A8F1CDD00914263 /* Debug */,
				4E6FB72D2A8F1CDD00914263 /* Release */,
			);
			defaultConfigurationIsVisible = 0;
			defaultConfigurationName = Release;
		};
		4E6FB72E2A8F1CDD00914263 /* Build configuration list for PBXNativeTarget "LandmarksUITests" */ = {
			isa = XCConfigurationList;
			buildConfigurations = (
				4E6FB72F2A8F1CDD00914263 /* Debug */,
				4E6FB7302A8F1CDD00914263 /* Release */,
			);
			defaultConfigurationIsVisible = 0;
			defaultConfigurationName = Release;
		};
/* End XCConfigurationList section */
	};
	rootObject = 4E6FB6FC2A8F1CDA00914263 /* Project object */;
}
